
Microsoft Visual Studio Solution File, Format Version 12.00
# Visual Studio Version 16
VisualStudioVersion = 16.0.809.1
MinimumVisualStudioVersion = 10.0.40219.1
Project("{FAE04EC0-301F-11D3-BF4B-00C04F79EFBC}") = "Service.API.Identity", "Service.API.Identity\Service.API.Identity.csproj", "{0C37245F-859E-427B-B3D9-5DE404B25073}"
EndProject
Global
	GlobalSection(SolutionConfigurationPlatforms) = preSolution
		Debug|Any CPU = Debug|Any CPU
		Release|Any CPU = Release|Any CPU
	EndGlobalSection
	GlobalSection(ProjectConfigurationPlatforms) = postSolution
		{0C37245F-859E-427B-B3D9-5DE404B25073}.Debug|Any CPU.ActiveCfg = Debug|Any CPU
		{0C37245F-859E-427B-B3D9-5DE404B25073}.Debug|Any CPU.Build.0 = Debug|Any CPU
		{0C37245F-859E-427B-B3D9-5DE404B25073}.Release|Any CPU.ActiveCfg = Release|Any CPU
		{0C37245F-859E-427B-B3D9-5DE404B25073}.Release|Any CPU.Build.0 = Release|Any CPU
	EndGlobalSection
	GlobalSection(SolutionProperties) = preSolution
		HideSolutionNode = FALSE
	EndGlobalSection
	GlobalSection(ExtensibilityGlobals) = postSolution
		SolutionGuid = {4517BD98-7E59-460D-8176-5170A0B7896D}
	EndGlobalSection
EndGlobal
