
Microsoft Visual Studio Solution File, Format Version 12.00
# Visual Studio Version 16
VisualStudioVersion = 16.0.809.1
MinimumVisualStudioVersion = 10.0.40219.1
Project("{FAE04EC0-301F-11D3-BF4B-00C04F79EFBC}") = "Service.API.Identity", "Service.API.Identity\Service.API.Identity.csproj", "{D66953D3-A2B9-41BD-9260-7CFBD0411ED6}"
EndProject
Project("{FAE04EC0-301F-11D3-BF4B-00C04F79EFBC}") = "App.Support.Common", "App.Support.Common\App.Support.Common.csproj", "{D963D8CD-970F-4FFB-A2D0-2A43490DF7FE}"
EndProject
Project("{FAE04EC0-301F-11D3-BF4B-00C04F79EFBC}") = "Service.API.Catalog", "Service.API.Catalog\Service.API.Catalog.csproj", "{A6BEA9C4-3BBB-4BD8-9527-5D6EDDF7073A}"
EndProject
Project("{FAE04EC0-301F-11D3-BF4B-00C04F79EFBC}") = "Service.API.Cart", "Service.API.Cart\Service.API.Cart.csproj", "{E2D57911-764E-40E2-94B2-912DB656A1A4}"
EndProject
Global
	GlobalSection(SolutionConfigurationPlatforms) = preSolution
		Debug|Any CPU = Debug|Any CPU
		Release|Any CPU = Release|Any CPU
	EndGlobalSection
	GlobalSection(ProjectConfigurationPlatforms) = postSolution
		{D66953D3-A2B9-41BD-9260-7CFBD0411ED6}.Debug|Any CPU.ActiveCfg = Debug|Any CPU
		{D66953D3-A2B9-41BD-9260-7CFBD0411ED6}.Debug|Any CPU.Build.0 = Debug|Any CPU
		{D66953D3-A2B9-41BD-9260-7CFBD0411ED6}.Release|Any CPU.ActiveCfg = Release|Any CPU
		{D66953D3-A2B9-41BD-9260-7CFBD0411ED6}.Release|Any CPU.Build.0 = Release|Any CPU
		{D963D8CD-970F-4FFB-A2D0-2A43490DF7FE}.Debug|Any CPU.ActiveCfg = Debug|Any CPU
		{D963D8CD-970F-4FFB-A2D0-2A43490DF7FE}.Debug|Any CPU.Build.0 = Debug|Any CPU
		{D963D8CD-970F-4FFB-A2D0-2A43490DF7FE}.Release|Any CPU.ActiveCfg = Release|Any CPU
		{D963D8CD-970F-4FFB-A2D0-2A43490DF7FE}.Release|Any CPU.Build.0 = Release|Any CPU
		{A6BEA9C4-3BBB-4BD8-9527-5D6EDDF7073A}.Debug|Any CPU.ActiveCfg = Debug|Any CPU
		{A6BEA9C4-3BBB-4BD8-9527-5D6EDDF7073A}.Debug|Any CPU.Build.0 = Debug|Any CPU
		{A6BEA9C4-3BBB-4BD8-9527-5D6EDDF7073A}.Release|Any CPU.ActiveCfg = Release|Any CPU
		{A6BEA9C4-3BBB-4BD8-9527-5D6EDDF7073A}.Release|Any CPU.Build.0 = Release|Any CPU
		{E2D57911-764E-40E2-94B2-912DB656A1A4}.Debug|Any CPU.ActiveCfg = Debug|Any CPU
		{E2D57911-764E-40E2-94B2-912DB656A1A4}.Debug|Any CPU.Build.0 = Debug|Any CPU
		{E2D57911-764E-40E2-94B2-912DB656A1A4}.Release|Any CPU.ActiveCfg = Release|Any CPU
		{E2D57911-764E-40E2-94B2-912DB656A1A4}.Release|Any CPU.Build.0 = Release|Any CPU
	EndGlobalSection
	GlobalSection(SolutionProperties) = preSolution
		HideSolutionNode = FALSE
	EndGlobalSection
	GlobalSection(ExtensibilityGlobals) = postSolution
		SolutionGuid = {4517BD98-7E59-460D-8176-5170A0B7896D}
	EndGlobalSection
EndGlobal
